
Microsoft Visual Studio Solution File, Format Version 12.00
# Visual Studio 14
VisualStudioVersion = 14.0.25420.1
MinimumVisualStudioVersion = 10.0.40219.1
Project("{2150E333-8FDC-42A3-9474-1A3956D46DE8}") = "src", "src", "{162DCBF5-FC82-46DA-8DC4-DC9536C469B0}"
EndProject
Project("{2150E333-8FDC-42A3-9474-1A3956D46DE8}") = "Solution Items", "Solution Items", "{16DC9AC7-91EB-406E-A402-80E33301D003}"
	ProjectSection(SolutionItems) = preProject
		global.json = global.json
	EndProjectSection
EndProject
Project("{8BB2217D-0F2D-49D1-97BC-3654ED321F3B}") = "AngularCalculator", "src\AngularCalculator\AngularCalculator.xproj", "{EAE3CFA5-1156-4963-9FC0-452407F39FD4}"
EndProject
Global
	GlobalSection(SolutionConfigurationPlatforms) = preSolution
		Debug|Any CPU = Debug|Any CPU
		Release|Any CPU = Release|Any CPU
	EndGlobalSection
	GlobalSection(ProjectConfigurationPlatforms) = postSolution
		{EAE3CFA5-1156-4963-9FC0-452407F39FD4}.Debug|Any CPU.ActiveCfg = Debug|Any CPU
		{EAE3CFA5-1156-4963-9FC0-452407F39FD4}.Debug|Any CPU.Build.0 = Debug|Any CPU
		{EAE3CFA5-1156-4963-9FC0-452407F39FD4}.Release|Any CPU.ActiveCfg = Release|Any CPU
		{EAE3CFA5-1156-4963-9FC0-452407F39FD4}.Release|Any CPU.Build.0 = Release|Any CPU
	EndGlobalSection
	GlobalSection(SolutionProperties) = preSolution
		HideSolutionNode = FALSE
	EndGlobalSection
	GlobalSection(NestedProjects) = preSolution
		{EAE3CFA5-1156-4963-9FC0-452407F39FD4} = {162DCBF5-FC82-46DA-8DC4-DC9536C469B0}
	EndGlobalSection
EndGlobal
